
Microsoft Visual Studio Solution File, Format Version 12.00
# Visual Studio Version 17
VisualStudioVersion = 17.14.37614.0
MinimumVisualStudioVersion = 10.0.40219.1
Project("{FAE04EC0-301F-11D3-BF4B-00C04F79EFBC}") = "Tyuiu.SologubNV.Sprint1.Task0.V20", "Tyuiu.SologubNV.Sprint1.Task0.V20\Tyuiu.SologubNV.Sprint1.Task0.V20.csproj", "{5E29FB9A-6F45-4E0C-A2A4-5328A2D79522}"
EndProject
Project("{FAE04EC0-301F-11D3-BF4B-00C04F79EFBC}") = "Tyuiu.SologubNV.Sprint1.Task0.V20.Lib", "Tyuiu.SologubNV.Sprint1.Task0.V20.Lib\Tyuiu.SologubNV.Sprint1.Task0.V20.Lib.csproj", "{D1BD1740-1C2A-4AC1-AAF9-6D661F213C4F}"
EndProject
Project("{FAE04EC0-301F-11D3-BF4B-00C04F79EFBC}") = "Tyuiu.SologubNV.Sprint1.Task0.V20.Test", "Tyuiu.SologubNV.Sprint1.Task0.V20.Test\Tyuiu.SologubNV.Sprint1.Task0.V20.Test.csproj", "{FD75DCAE-1E04-4D96-8D68-D29CD4E5CDE5}"
EndProject
Project("{2150E333-8FDC-42A3-9474-1A3956D46DE8}") = "Task0", "Task0", "{02EA681E-C7D8-13C7-8484-4AC65E1B71E8}"
EndProject
Project("{2150E333-8FDC-42A3-9474-1A3956D46DE8}") = "Task1", "Task1", "{6CD1030D-A97F-44FA-A279-88375A8BA27B}"
EndProject
Project("{FAE04EC0-301F-11D3-BF4B-00C04F79EFBC}") = "Tyuiu.SologubNV.Sprint1.Task1.V28", "Tyuiu.SologubNV.Sprint1.Task1.V28\Tyuiu.SologubNV.Sprint1.Task1.V28.csproj", "{15B20926-A98F-4F0B-9918-2E48627CA4EB}"
EndProject
Project("{FAE04EC0-301F-11D3-BF4B-00C04F79EFBC}") = "Tyuiu.SologubNV.Sprint1.Task1.V28.Lib", "Tyuiu.SologubNV.Sprint1.Task1.V28.Lib\Tyuiu.SologubNV.Sprint1.Task1.V28.Lib.csproj", "{8F2CB62D-D565-4210-9082-582A014F6A53}"
EndProject
Project("{FAE04EC0-301F-11D3-BF4B-00C04F79EFBC}") = "Tyuiu.SologubNV.Sprint1.Task1.V28.Test", "Tyuiu.SologubNV.Sprint1.Task1.V28.Test\Tyuiu.SologubNV.Sprint1.Task1.V28.Test.csproj", "{4368550B-1239-4E5D-A710-07C81AEF6F10}"
EndProject
Project("{2150E333-8FDC-42A3-9474-1A3956D46DE8}") = "Task2", "Task2", "{9D000D31-6218-4529-99A2-8313B8F533CE}"
EndProject
Project("{FAE04EC0-301F-11D3-BF4B-00C04F79EFBC}") = "Tyuiu.SologubNV.Sprint1.Task2.V6", "Tyuiu.SologubNV.Sprint1.Task2.V6\Tyuiu.SologubNV.Sprint1.Task2.V6.csproj", "{05F93A10-A37E-47E7-B36E-FA894BB8142E}"
EndProject
Project("{FAE04EC0-301F-11D3-BF4B-00C04F79EFBC}") = "Tyuiu.SologubNV.Sprint1.Task2.V6.Lib", "Tyuiu.SologubNV.Sprint1.Task2.V6.Lib\Tyuiu.SologubNV.Sprint1.Task2.V6.Lib.csproj", "{3EF635A8-0A9A-4071-97B5-56586E16A82E}"
EndProject
Project("{FAE04EC0-301F-11D3-BF4B-00C04F79EFBC}") = "Tyuiu.SologubNV.Sprint1.Task2.V6.Test", "Tyuiu.SologubNV.Sprint1.Task2.V6.Test\Tyuiu.SologubNV.Sprint1.Task2.V6.Test.csproj", "{DF937776-0113-4591-B632-BAA69A593382}"
EndProject
Project("{2150E333-8FDC-42A3-9474-1A3956D46DE8}") = "Task3", "Task3", "{46997F2F-A907-4942-AEE4-43520556743F}"
EndProject
Project("{FAE04EC0-301F-11D3-BF4B-00C04F79EFBC}") = "Tyuiu.SologubNV.Sprint1.Task3.V1", "Tyuiu.SologubNV.Sprint1.Task3.V1\Tyuiu.SologubNV.Sprint1.Task3.V1.csproj", "{7C535979-0211-4AE6-9EB1-39E5561BFF4B}"
EndProject
Project("{FAE04EC0-301F-11D3-BF4B-00C04F79EFBC}") = "Tyuiu.SologubNV.Sprint1.Task3.V1.Lib", "Tyuiu.SologubNV.Sprint1.Task3.V1.Lib\Tyuiu.SologubNV.Sprint1.Task3.V1.Lib.csproj", "{F44AC667-DDEE-4AF6-9F47-8C9A9BE34FFC}"
EndProject
Project("{FAE04EC0-301F-11D3-BF4B-00C04F79EFBC}") = "Tyuiu.SologubNV.Sprint1.Task3.V1.Test", "Tyuiu.SologubNV.Sprint1.Task3.V1.Test\Tyuiu.SologubNV.Sprint1.Task3.V1.Test.csproj", "{91B27FA5-5AEE-46AC-9F33-11B3F942A531}"
EndProject
Global
	GlobalSection(SolutionConfigurationPlatforms) = preSolution
		Debug|Any CPU = Debug|Any CPU
		Release|Any CPU = Release|Any CPU
	EndGlobalSection
	GlobalSection(ProjectConfigurationPlatforms) = postSolution
		{5E29FB9A-6F45-4E0C-A2A4-5328A2D79522}.Debug|Any CPU.ActiveCfg = Debug|Any CPU
		{5E29FB9A-6F45-4E0C-A2A4-5328A2D79522}.Debug|Any CPU.Build.0 = Debug|Any CPU
		{5E29FB9A-6F45-4E0C-A2A4-5328A2D79522}.Release|Any CPU.ActiveCfg = Release|Any CPU
		{5E29FB9A-6F45-4E0C-A2A4-5328A2D79522}.Release|Any CPU.Build.0 = Release|Any CPU
		{D1BD1740-1C2A-4AC1-AAF9-6D661F213C4F}.Debug|Any CPU.ActiveCfg = Debug|Any CPU
		{D1BD1740-1C2A-4AC1-AAF9-6D661F213C4F}.Debug|Any CPU.Build.0 = Debug|Any CPU
		{D1BD1740-1C2A-4AC1-AAF9-6D661F213C4F}.Release|Any CPU.ActiveCfg = Release|Any CPU
		{D1BD1740-1C2A-4AC1-AAF9-6D661F213C4F}.Release|Any CPU.Build.0 = Release|Any CPU
		{FD75DCAE-1E04-4D96-8D68-D29CD4E5CDE5}.Debug|Any CPU.ActiveCfg = Debug|Any CPU
		{FD75DCAE-1E04-4D96-8D68-D29CD4E5CDE5}.Debug|Any CPU.Build.0 = Debug|Any CPU
		{FD75DCAE-1E04-4D96-8D68-D29CD4E5CDE5}.Release|Any CPU.ActiveCfg = Release|Any CPU
		{FD75DCAE-1E04-4D96-8D68-D29CD4E5CDE5}.Release|Any CPU.Build.0 = Release|Any CPU
		{15B20926-A98F-4F0B-9918-2E48627CA4EB}.Debug|Any CPU.ActiveCfg = Debug|Any CPU
		{15B20926-A98F-4F0B-9918-2E48627CA4EB}.Debug|Any CPU.Build.0 = Debug|Any CPU
		{15B20926-A98F-4F0B-9918-2E48627CA4EB}.Release|Any CPU.ActiveCfg = Release|Any CPU
		{15B20926-A98F-4F0B-9918-2E48627CA4EB}.Release|Any CPU.Build.0 = Release|Any CPU
		{8F2CB62D-D565-4210-9082-582A014F6A53}.Debug|Any CPU.ActiveCfg = Debug|Any CPU
		{8F2CB62D-D565-4210-9082-582A014F6A53}.Debug|Any CPU.Build.0 = Debug|Any CPU
		{8F2CB62D-D565-4210-9082-582A014F6A53}.Release|Any CPU.ActiveCfg = Release|Any CPU
		{8F2CB62D-D565-4210-9082-582A014F6A53}.Release|Any CPU.Build.0 = Release|Any CPU
		{4368550B-1239-4E5D-A710-07C81AEF6F10}.Debug|Any CPU.ActiveCfg = Debug|Any CPU
		{4368550B-1239-4E5D-A710-07C81AEF6F10}.Debug|Any CPU.Build.0 = Debug|Any CPU
		{4368550B-1239-4E5D-A710-07C81AEF6F10}.Release|Any CPU.ActiveCfg = Release|Any CPU
		{4368550B-1239-4E5D-A710-07C81AEF6F10}.Release|Any CPU.Build.0 = Release|Any CPU
		{05F93A10-A37E-47E7-B36E-FA894BB8142E}.Debug|Any CPU.ActiveCfg = Debug|Any CPU
		{05F93A10-A37E-47E7-B36E-FA894BB8142E}.Debug|Any CPU.Build.0 = Debug|Any CPU
		{05F93A10-A37E-47E7-B36E-FA894BB8142E}.Release|Any CPU.ActiveCfg = Release|Any CPU
		{05F93A10-A37E-47E7-B36E-FA894BB8142E}.Release|Any CPU.Build.0 = Release|Any CPU
		{3EF635A8-0A9A-4071-97B5-56586E16A82E}.Debug|Any CPU.ActiveCfg = Debug|Any CPU
		{3EF635A8-0A9A-4071-97B5-56586E16A82E}.Debug|Any CPU.Build.0 = Debug|Any CPU
		{3EF635A8-0A9A-4071-97B5-56586E16A82E}.Release|Any CPU.ActiveCfg = Release|Any CPU
		{3EF635A8-0A9A-4071-97B5-56586E16A82E}.Release|Any CPU.Build.0 = Release|Any CPU
		{DF937776-0113-4591-B632-BAA69A593382}.Debug|Any CPU.ActiveCfg = Debug|Any CPU
		{DF937776-0113-4591-B632-BAA69A593382}.Debug|Any CPU.Build.0 = Debug|Any CPU
		{DF937776-0113-4591-B632-BAA69A593382}.Release|Any CPU.ActiveCfg = Release|Any CPU
		{DF937776-0113-4591-B632-BAA69A593382}.Release|Any CPU.Build.0 = Release|Any CPU
		{7C535979-0211-4AE6-9EB1-39E5561BFF4B}.Debug|Any CPU.ActiveCfg = Debug|Any CPU
		{7C535979-0211-4AE6-9EB1-39E5561BFF4B}.Debug|Any CPU.Build.0 = Debug|Any CPU
		{7C535979-0211-4AE6-9EB1-39E5561BFF4B}.Release|Any CPU.ActiveCfg = Release|Any CPU
		{7C535979-0211-4AE6-9EB1-39E5561BFF4B}.Release|Any CPU.Build.0 = Release|Any CPU
		{F44AC667-DDEE-4AF6-9F47-8C9A9BE34FFC}.Debug|Any CPU.ActiveCfg = Debug|Any CPU
		{F44AC667-DDEE-4AF6-9F47-8C9A9BE34FFC}.Debug|Any CPU.Build.0 = Debug|Any CPU
		{F44AC667-DDEE-4AF6-9F47-8C9A9BE34FFC}.Release|Any CPU.ActiveCfg = Release|Any CPU
		{F44AC667-DDEE-4AF6-9F47-8C9A9BE34FFC}.Release|Any CPU.Build.0 = Release|Any CPU
		{91B27FA5-5AEE-46AC-9F33-11B3F942A531}.Debug|Any CPU.ActiveCfg = Debug|Any CPU
		{91B27FA5-5AEE-46AC-9F33-11B3F942A531}.Debug|Any CPU.Build.0 = Debug|Any CPU
		{91B27FA5-5AEE-46AC-9F33-11B3F942A531}.Release|Any CPU.ActiveCfg = Release|Any CPU
		{91B27FA5-5AEE-46AC-9F33-11B3F942A531}.Release|Any CPU.Build.0 = Release|Any CPU
	EndGlobalSection
	GlobalSection(SolutionProperties) = preSolution
		HideSolutionNode = FALSE
	EndGlobalSection
	GlobalSection(NestedProjects) = preSolution
		{5E29FB9A-6F45-4E0C-A2A4-5328A2D79522} = {02EA681E-C7D8-13C7-8484-4AC65E1B71E8}
		{D1BD1740-1C2A-4AC1-AAF9-6D661F213C4F} = {02EA681E-C7D8-13C7-8484-4AC65E1B71E8}
		{FD75DCAE-1E04-4D96-8D68-D29CD4E5CDE5} = {02EA681E-C7D8-13C7-8484-4AC65E1B71E8}
		{15B20926-A98F-4F0B-9918-2E48627CA4EB} = {6CD1030D-A97F-44FA-A279-88375A8BA27B}
		{8F2CB62D-D565-4210-9082-582A014F6A53} = {6CD1030D-A97F-44FA-A279-88375A8BA27B}
		{4368550B-1239-4E5D-A710-07C81AEF6F10} = {6CD1030D-A97F-44FA-A279-88375A8BA27B}
		{05F93A10-A37E-47E7-B36E-FA894BB8142E} = {9D000D31-6218-4529-99A2-8313B8F533CE}
		{3EF635A8-0A9A-4071-97B5-56586E16A82E} = {9D000D31-6218-4529-99A2-8313B8F533CE}
		{DF937776-0113-4591-B632-BAA69A593382} = {9D000D31-6218-4529-99A2-8313B8F533CE}
		{7C535979-0211-4AE6-9EB1-39E5561BFF4B} = {46997F2F-A907-4942-AEE4-43520556743F}
		{F44AC667-DDEE-4AF6-9F47-8C9A9BE34FFC} = {46997F2F-A907-4942-AEE4-43520556743F}
		{91B27FA5-5AEE-46AC-9F33-11B3F942A531} = {46997F2F-A907-4942-AEE4-43520556743F}
	EndGlobalSection
	GlobalSection(ExtensibilityGlobals) = postSolution
		SolutionGuid = {EF731ACC-3D19-4989-9173-FE6A443FEC6F}
	EndGlobalSection
EndGlobal
