
Microsoft Visual Studio Solution File, Format Version 12.00
# Visual Studio Version 17
VisualStudioVersion = 17.14.37614.0
MinimumVisualStudioVersion = 10.0.40219.1
Project("{FAE04EC0-301F-11D3-BF4B-00C04F79EFBC}") = "Tyuiu.SologubNV.Sprint1.Task0.V20", "Tyuiu.SologubNV.Sprint1.Task0.V20\Tyuiu.SologubNV.Sprint1.Task0.V20.csproj", "{5E29FB9A-6F45-4E0C-A2A4-5328A2D79522}"
EndProject
Project("{FAE04EC0-301F-11D3-BF4B-00C04F79EFBC}") = "Tyuiu.SologubNV.Sprint1.Task0.V20.Lib", "Tyuiu.SologubNV.Sprint1.Task0.V20.Lib\Tyuiu.SologubNV.Sprint1.Task0.V20.Lib.csproj", "{D1BD1740-1C2A-4AC1-AAF9-6D661F213C4F}"
EndProject
Project("{FAE04EC0-301F-11D3-BF4B-00C04F79EFBC}") = "Tyuiu.SologubNV.Sprint1.Task0.V20.Test", "Tyuiu.SologubNV.Sprint1.Task0.V20.Test\Tyuiu.SologubNV.Sprint1.Task0.V20.Test.csproj", "{FD75DCAE-1E04-4D96-8D68-D29CD4E5CDE5}"
EndProject
Project("{2150E333-8FDC-42A3-9474-1A3956D46DE8}") = "Task0", "Task0", "{02EA681E-C7D8-13C7-8484-4AC65E1B71E8}"
EndProject
Project("{2150E333-8FDC-42A3-9474-1A3956D46DE8}") = "Task1", "Task1", "{6CD1030D-A97F-44FA-A279-88375A8BA27B}"
EndProject
Project("{FAE04EC0-301F-11D3-BF4B-00C04F79EFBC}") = "Tyuiu.SologubNV.Sprint1.Task1.V28", "Tyuiu.SologubNV.Sprint1.Task1.V28\Tyuiu.SologubNV.Sprint1.Task1.V28.csproj", "{15B20926-A98F-4F0B-9918-2E48627CA4EB}"
EndProject
Project("{FAE04EC0-301F-11D3-BF4B-00C04F79EFBC}") = "Tyuiu.SologubNV.Sprint1.Task1.V28.Lib", "Tyuiu.SologubNV.Sprint1.Task1.V28.Lib\Tyuiu.SologubNV.Sprint1.Task1.V28.Lib.csproj", "{8F2CB62D-D565-4210-9082-582A014F6A53}"
EndProject
Project("{FAE04EC0-301F-11D3-BF4B-00C04F79EFBC}") = "Tyuiu.SologubNV.Sprint1.Task1.V28.Test", "Tyuiu.SologubNV.Sprint1.Task1.V28.Test\Tyuiu.SologubNV.Sprint1.Task1.V28.Test.csproj", "{4368550B-1239-4E5D-A710-07C81AEF6F10}"
EndProject
Project("{2150E333-8FDC-42A3-9474-1A3956D46DE8}") = "Task2", "Task2", "{9D000D31-6218-4529-99A2-8313B8F533CE}"
EndProject
Project("{FAE04EC0-301F-11D3-BF4B-00C04F79EFBC}") = "Tyuiu.SologubNV.Sprint1.Task2.V6", "Tyuiu.SologubNV.Sprint1.Task2.V6\Tyuiu.SologubNV.Sprint1.Task2.V6.csproj", "{05F93A10-A37E-47E7-B36E-FA894BB8142E}"
EndProject
Project("{FAE04EC0-301F-11D3-BF4B-00C04F79EFBC}") = "Tyuiu.SologubNV.Sprint1.Task2.V6.Lib", "Tyuiu.SologubNV.Sprint1.Task2.V6.Lib\Tyuiu.SologubNV.Sprint1.Task2.V6.Lib.csproj", "{3EF635A8-0A9A-4071-97B5-56586E16A82E}"
EndProject
Project("{FAE04EC0-301F-11D3-BF4B-00C04F79EFBC}") = "Tyuiu.SologubNV.Sprint1.Task2.V6.Test", "Tyuiu.SologubNV.Sprint1.Task2.V6.Test\Tyuiu.SologubNV.Sprint1.Task2.V6.Test.csproj", "{DF937776-0113-4591-B632-BAA69A593382}"
EndProject
Project("{2150E333-8FDC-42A3-9474-1A3956D46DE8}") = "Task3", "Task3", "{46997F2F-A907-4942-AEE4-43520556743F}"
EndProject
Project("{FAE04EC0-301F-11D3-BF4B-00C04F79EFBC}") = "Tyuiu.SologubNV.Sprint1.Task3.V1", "Tyuiu.SologubNV.Sprint1.Task3.V1\Tyuiu.SologubNV.Sprint1.Task3.V1.csproj", "{7C535979-0211-4AE6-9EB1-39E5561BFF4B}"
EndProject
Project("{FAE04EC0-301F-11D3-BF4B-00C04F79EFBC}") = "Tyuiu.SologubNV.Sprint1.Task3.V1.Lib", "Tyuiu.SologubNV.Sprint1.Task3.V1.Lib\Tyuiu.SologubNV.Sprint1.Task3.V1.Lib.csproj", "{F44AC667-DDEE-4AF6-9F47-8C9A9BE34FFC}"
EndProject
Project("{FAE04EC0-301F-11D3-BF4B-00C04F79EFBC}") = "Tyuiu.SologubNV.Sprint1.Task3.V1.Test", "Tyuiu.SologubNV.Sprint1.Task3.V1.Test\Tyuiu.SologubNV.Sprint1.Task3.V1.Test.csproj", "{91B27FA5-5AEE-46AC-9F33-11B3F942A531}"
EndProject
Project("{2150E333-8FDC-42A3-9474-1A3956D46DE8}") = "Task4", "Task4", "{D4D5EB6E-15EE-4C5B-ABDC-736D2A33D005}"
EndProject
Project("{FAE04EC0-301F-11D3-BF4B-00C04F79EFBC}") = "Tyuiu.SologubNV.Sprint1.Task4.V18", "Tyuiu.SologubNV.Sprint1.Task4.V18\Tyuiu.SologubNV.Sprint1.Task4.V18.csproj", "{976C8F29-6FCD-4ECF-98E1-88CE770F90DA}"
EndProject
Project("{FAE04EC0-301F-11D3-BF4B-00C04F79EFBC}") = "Tyuiu.SologubNV.Sprint1.Task4.V18.Lib", "Tyuiu.SologubNV.Sprint1.Task4.V18.Lib\Tyuiu.SologubNV.Sprint1.Task4.V18.Lib.csproj", "{F671B7BA-81D6-464F-A737-5C8C5700FAE8}"
EndProject
Project("{FAE04EC0-301F-11D3-BF4B-00C04F79EFBC}") = "Tyuiu.SologubNV.Sprint1.Task4.V18.Test", "Tyuiu.SologubNV.Sprint1.Task4.V18.Test\Tyuiu.SologubNV.Sprint1.Task4.V18.Test.csproj", "{31CD8A35-2564-4075-B6C3-9EE4D2FB50B3}"
EndProject
Project("{2150E333-8FDC-42A3-9474-1A3956D46DE8}") = "Task5", "Task5", "{A06547FA-C602-4C3E-B703-1A90695F4BBF}"
EndProject
Project("{FAE04EC0-301F-11D3-BF4B-00C04F79EFBC}") = "Tyuiu.SologubNV.Sprint1.Task5.V7", "Tyuiu.SologubNV.Sprint1.Task5.V7\Tyuiu.SologubNV.Sprint1.Task5.V7.csproj", "{8652FAC1-FB9C-42BB-AE4D-5034AF0270FA}"
EndProject
Project("{FAE04EC0-301F-11D3-BF4B-00C04F79EFBC}") = "Tyuiu.SologubNV.Sprint1.Task5.V7.Lib", "Tyuiu.SologubNV.Sprint1.Task5.V7.Lib\Tyuiu.SologubNV.Sprint1.Task5.V7.Lib.csproj", "{1E97C966-C4A5-4B90-840E-343ADE40C3B0}"
EndProject
Project("{FAE04EC0-301F-11D3-BF4B-00C04F79EFBC}") = "Tyuiu.SologubNV.Sprint1.Task5.V7.Test", "Tyuiu.SologubNV.Sprint1.Task5.V7.Test\Tyuiu.SologubNV.Sprint1.Task5.V7.Test.csproj", "{C98FB34B-0994-48CB-8F8A-6D1D398471F7}"
EndProject
Project("{2150E333-8FDC-42A3-9474-1A3956D46DE8}") = "Task6", "Task6", "{CF62147B-A422-4481-B82D-692AA2978577}"
EndProject
Project("{FAE04EC0-301F-11D3-BF4B-00C04F79EFBC}") = "Tyuiu.SologubNV.Sprint1.Task6.V13", "Tyuiu.SologubNV.Sprint1.Task6.V13\Tyuiu.SologubNV.Sprint1.Task6.V13.csproj", "{EC06042C-5DD1-4B23-8F0D-F143A8BEA842}"
EndProject
Project("{FAE04EC0-301F-11D3-BF4B-00C04F79EFBC}") = "Tyuiu.SologubNV.Sprint1.Task6.V13.Lib", "Tyuiu.SologubNV.Sprint1.Task6.V13.Lib\Tyuiu.SologubNV.Sprint1.Task6.V13.Lib.csproj", "{CC1F627F-6A18-4E02-9BD2-09C0ADE6EDD4}"
EndProject
Project("{FAE04EC0-301F-11D3-BF4B-00C04F79EFBC}") = "Tyuiu.SologubNV.Sprint1.Task6.V13.Test", "Tyuiu.SologubNV.Sprint1.Task6.V13.Test\Tyuiu.SologubNV.Sprint1.Task6.V13.Test.csproj", "{4BDE75A9-02E0-4F25-8C7B-B669AD65CDD5}"
EndProject
Global
	GlobalSection(SolutionConfigurationPlatforms) = preSolution
		Debug|Any CPU = Debug|Any CPU
		Release|Any CPU = Release|Any CPU
	EndGlobalSection
	GlobalSection(ProjectConfigurationPlatforms) = postSolution
		{5E29FB9A-6F45-4E0C-A2A4-5328A2D79522}.Debug|Any CPU.ActiveCfg = Debug|Any CPU
		{5E29FB9A-6F45-4E0C-A2A4-5328A2D79522}.Debug|Any CPU.Build.0 = Debug|Any CPU
		{5E29FB9A-6F45-4E0C-A2A4-5328A2D79522}.Release|Any CPU.ActiveCfg = Release|Any CPU
		{5E29FB9A-6F45-4E0C-A2A4-5328A2D79522}.Release|Any CPU.Build.0 = Release|Any CPU
		{D1BD1740-1C2A-4AC1-AAF9-6D661F213C4F}.Debug|Any CPU.ActiveCfg = Debug|Any CPU
		{D1BD1740-1C2A-4AC1-AAF9-6D661F213C4F}.Debug|Any CPU.Build.0 = Debug|Any CPU
		{D1BD1740-1C2A-4AC1-AAF9-6D661F213C4F}.Release|Any CPU.ActiveCfg = Release|Any CPU
		{D1BD1740-1C2A-4AC1-AAF9-6D661F213C4F}.Release|Any CPU.Build.0 = Release|Any CPU
		{FD75DCAE-1E04-4D96-8D68-D29CD4E5CDE5}.Debug|Any CPU.ActiveCfg = Debug|Any CPU
		{FD75DCAE-1E04-4D96-8D68-D29CD4E5CDE5}.Debug|Any CPU.Build.0 = Debug|Any CPU
		{FD75DCAE-1E04-4D96-8D68-D29CD4E5CDE5}.Release|Any CPU.ActiveCfg = Release|Any CPU
		{FD75DCAE-1E04-4D96-8D68-D29CD4E5CDE5}.Release|Any CPU.Build.0 = Release|Any CPU
		{15B20926-A98F-4F0B-9918-2E48627CA4EB}.Debug|Any CPU.ActiveCfg = Debug|Any CPU
		{15B20926-A98F-4F0B-9918-2E48627CA4EB}.Debug|Any CPU.Build.0 = Debug|Any CPU
		{15B20926-A98F-4F0B-9918-2E48627CA4EB}.Release|Any CPU.ActiveCfg = Release|Any CPU
		{15B20926-A98F-4F0B-9918-2E48627CA4EB}.Release|Any CPU.Build.0 = Release|Any CPU
		{8F2CB62D-D565-4210-9082-582A014F6A53}.Debug|Any CPU.ActiveCfg = Debug|Any CPU
		{8F2CB62D-D565-4210-9082-582A014F6A53}.Debug|Any CPU.Build.0 = Debug|Any CPU
		{8F2CB62D-D565-4210-9082-582A014F6A53}.Release|Any CPU.ActiveCfg = Release|Any CPU
		{8F2CB62D-D565-4210-9082-582A014F6A53}.Release|Any CPU.Build.0 = Release|Any CPU
		{4368550B-1239-4E5D-A710-07C81AEF6F10}.Debug|Any CPU.ActiveCfg = Debug|Any CPU
		{4368550B-1239-4E5D-A710-07C81AEF6F10}.Debug|Any CPU.Build.0 = Debug|Any CPU
		{4368550B-1239-4E5D-A710-07C81AEF6F10}.Release|Any CPU.ActiveCfg = Release|Any CPU
		{4368550B-1239-4E5D-A710-07C81AEF6F10}.Release|Any CPU.Build.0 = Release|Any CPU
		{05F93A10-A37E-47E7-B36E-FA894BB8142E}.Debug|Any CPU.ActiveCfg = Debug|Any CPU
		{05F93A10-A37E-47E7-B36E-FA894BB8142E}.Debug|Any CPU.Build.0 = Debug|Any CPU
		{05F93A10-A37E-47E7-B36E-FA894BB8142E}.Release|Any CPU.ActiveCfg = Release|Any CPU
		{05F93A10-A37E-47E7-B36E-FA894BB8142E}.Release|Any CPU.Build.0 = Release|Any CPU
		{3EF635A8-0A9A-4071-97B5-56586E16A82E}.Debug|Any CPU.ActiveCfg = Debug|Any CPU
		{3EF635A8-0A9A-4071-97B5-56586E16A82E}.Debug|Any CPU.Build.0 = Debug|Any CPU
		{3EF635A8-0A9A-4071-97B5-56586E16A82E}.Release|Any CPU.ActiveCfg = Release|Any CPU
		{3EF635A8-0A9A-4071-97B5-56586E16A82E}.Release|Any CPU.Build.0 = Release|Any CPU
		{DF937776-0113-4591-B632-BAA69A593382}.Debug|Any CPU.ActiveCfg = Debug|Any CPU
		{DF937776-0113-4591-B632-BAA69A593382}.Debug|Any CPU.Build.0 = Debug|Any CPU
		{DF937776-0113-4591-B632-BAA69A593382}.Release|Any CPU.ActiveCfg = Release|Any CPU
		{DF937776-0113-4591-B632-BAA69A593382}.Release|Any CPU.Build.0 = Release|Any CPU
		{7C535979-0211-4AE6-9EB1-39E5561BFF4B}.Debug|Any CPU.ActiveCfg = Debug|Any CPU
		{7C535979-0211-4AE6-9EB1-39E5561BFF4B}.Debug|Any CPU.Build.0 = Debug|Any CPU
		{7C535979-0211-4AE6-9EB1-39E5561BFF4B}.Release|Any CPU.ActiveCfg = Release|Any CPU
		{7C535979-0211-4AE6-9EB1-39E5561BFF4B}.Release|Any CPU.Build.0 = Release|Any CPU
		{F44AC667-DDEE-4AF6-9F47-8C9A9BE34FFC}.Debug|Any CPU.ActiveCfg = Debug|Any CPU
		{F44AC667-DDEE-4AF6-9F47-8C9A9BE34FFC}.Debug|Any CPU.Build.0 = Debug|Any CPU
		{F44AC667-DDEE-4AF6-9F47-8C9A9BE34FFC}.Release|Any CPU.ActiveCfg = Release|Any CPU
		{F44AC667-DDEE-4AF6-9F47-8C9A9BE34FFC}.Release|Any CPU.Build.0 = Release|Any CPU
		{91B27FA5-5AEE-46AC-9F33-11B3F942A531}.Debug|Any CPU.ActiveCfg = Debug|Any CPU
		{91B27FA5-5AEE-46AC-9F33-11B3F942A531}.Debug|Any CPU.Build.0 = Debug|Any CPU
		{91B27FA5-5AEE-46AC-9F33-11B3F942A531}.Release|Any CPU.ActiveCfg = Release|Any CPU
		{91B27FA5-5AEE-46AC-9F33-11B3F942A531}.Release|Any CPU.Build.0 = Release|Any CPU
		{976C8F29-6FCD-4ECF-98E1-88CE770F90DA}.Debug|Any CPU.ActiveCfg = Debug|Any CPU
		{976C8F29-6FCD-4ECF-98E1-88CE770F90DA}.Debug|Any CPU.Build.0 = Debug|Any CPU
		{976C8F29-6FCD-4ECF-98E1-88CE770F90DA}.Release|Any CPU.ActiveCfg = Release|Any CPU
		{976C8F29-6FCD-4ECF-98E1-88CE770F90DA}.Release|Any CPU.Build.0 = Release|Any CPU
		{F671B7BA-81D6-464F-A737-5C8C5700FAE8}.Debug|Any CPU.ActiveCfg = Debug|Any CPU
		{F671B7BA-81D6-464F-A737-5C8C5700FAE8}.Debug|Any CPU.Build.0 = Debug|Any CPU
		{F671B7BA-81D6-464F-A737-5C8C5700FAE8}.Release|Any CPU.ActiveCfg = Release|Any CPU
		{F671B7BA-81D6-464F-A737-5C8C5700FAE8}.Release|Any CPU.Build.0 = Release|Any CPU
		{31CD8A35-2564-4075-B6C3-9EE4D2FB50B3}.Debug|Any CPU.ActiveCfg = Debug|Any CPU
		{31CD8A35-2564-4075-B6C3-9EE4D2FB50B3}.Debug|Any CPU.Build.0 = Debug|Any CPU
		{31CD8A35-2564-4075-B6C3-9EE4D2FB50B3}.Release|Any CPU.ActiveCfg = Release|Any CPU
		{31CD8A35-2564-4075-B6C3-9EE4D2FB50B3}.Release|Any CPU.Build.0 = Release|Any CPU
		{8652FAC1-FB9C-42BB-AE4D-5034AF0270FA}.Debug|Any CPU.ActiveCfg = Debug|Any CPU
		{8652FAC1-FB9C-42BB-AE4D-5034AF0270FA}.Debug|Any CPU.Build.0 = Debug|Any CPU
		{8652FAC1-FB9C-42BB-AE4D-5034AF0270FA}.Release|Any CPU.ActiveCfg = Release|Any CPU
		{8652FAC1-FB9C-42BB-AE4D-5034AF0270FA}.Release|Any CPU.Build.0 = Release|Any CPU
		{1E97C966-C4A5-4B90-840E-343ADE40C3B0}.Debug|Any CPU.ActiveCfg = Debug|Any CPU
		{1E97C966-C4A5-4B90-840E-343ADE40C3B0}.Debug|Any CPU.Build.0 = Debug|Any CPU
		{1E97C966-C4A5-4B90-840E-343ADE40C3B0}.Release|Any CPU.ActiveCfg = Release|Any CPU
		{1E97C966-C4A5-4B90-840E-343ADE40C3B0}.Release|Any CPU.Build.0 = Release|Any CPU
		{C98FB34B-0994-48CB-8F8A-6D1D398471F7}.Debug|Any CPU.ActiveCfg = Debug|Any CPU
		{C98FB34B-0994-48CB-8F8A-6D1D398471F7}.Debug|Any CPU.Build.0 = Debug|Any CPU
		{C98FB34B-0994-48CB-8F8A-6D1D398471F7}.Release|Any CPU.ActiveCfg = Release|Any CPU
		{C98FB34B-0994-48CB-8F8A-6D1D398471F7}.Release|Any CPU.Build.0 = Release|Any CPU
		{EC06042C-5DD1-4B23-8F0D-F143A8BEA842}.Debug|Any CPU.ActiveCfg = Debug|Any CPU
		{EC06042C-5DD1-4B23-8F0D-F143A8BEA842}.Debug|Any CPU.Build.0 = Debug|Any CPU
		{EC06042C-5DD1-4B23-8F0D-F143A8BEA842}.Release|Any CPU.ActiveCfg = Release|Any CPU
		{EC06042C-5DD1-4B23-8F0D-F143A8BEA842}.Release|Any CPU.Build.0 = Release|Any CPU
		{CC1F627F-6A18-4E02-9BD2-09C0ADE6EDD4}.Debug|Any CPU.ActiveCfg = Debug|Any CPU
		{CC1F627F-6A18-4E02-9BD2-09C0ADE6EDD4}.Debug|Any CPU.Build.0 = Debug|Any CPU
		{CC1F627F-6A18-4E02-9BD2-09C0ADE6EDD4}.Release|Any CPU.ActiveCfg = Release|Any CPU
		{CC1F627F-6A18-4E02-9BD2-09C0ADE6EDD4}.Release|Any CPU.Build.0 = Release|Any CPU
		{4BDE75A9-02E0-4F25-8C7B-B669AD65CDD5}.Debug|Any CPU.ActiveCfg = Debug|Any CPU
		{4BDE75A9-02E0-4F25-8C7B-B669AD65CDD5}.Debug|Any CPU.Build.0 = Debug|Any CPU
		{4BDE75A9-02E0-4F25-8C7B-B669AD65CDD5}.Release|Any CPU.ActiveCfg = Release|Any CPU
		{4BDE75A9-02E0-4F25-8C7B-B669AD65CDD5}.Release|Any CPU.Build.0 = Release|Any CPU
	EndGlobalSection
	GlobalSection(SolutionProperties) = preSolution
		HideSolutionNode = FALSE
	EndGlobalSection
	GlobalSection(NestedProjects) = preSolution
		{5E29FB9A-6F45-4E0C-A2A4-5328A2D79522} = {02EA681E-C7D8-13C7-8484-4AC65E1B71E8}
		{D1BD1740-1C2A-4AC1-AAF9-6D661F213C4F} = {02EA681E-C7D8-13C7-8484-4AC65E1B71E8}
		{FD75DCAE-1E04-4D96-8D68-D29CD4E5CDE5} = {02EA681E-C7D8-13C7-8484-4AC65E1B71E8}
		{15B20926-A98F-4F0B-9918-2E48627CA4EB} = {6CD1030D-A97F-44FA-A279-88375A8BA27B}
		{8F2CB62D-D565-4210-9082-582A014F6A53} = {6CD1030D-A97F-44FA-A279-88375A8BA27B}
		{4368550B-1239-4E5D-A710-07C81AEF6F10} = {6CD1030D-A97F-44FA-A279-88375A8BA27B}
		{05F93A10-A37E-47E7-B36E-FA894BB8142E} = {9D000D31-6218-4529-99A2-8313B8F533CE}
		{3EF635A8-0A9A-4071-97B5-56586E16A82E} = {9D000D31-6218-4529-99A2-8313B8F533CE}
		{DF937776-0113-4591-B632-BAA69A593382} = {9D000D31-6218-4529-99A2-8313B8F533CE}
		{7C535979-0211-4AE6-9EB1-39E5561BFF4B} = {46997F2F-A907-4942-AEE4-43520556743F}
		{F44AC667-DDEE-4AF6-9F47-8C9A9BE34FFC} = {46997F2F-A907-4942-AEE4-43520556743F}
		{91B27FA5-5AEE-46AC-9F33-11B3F942A531} = {46997F2F-A907-4942-AEE4-43520556743F}
		{976C8F29-6FCD-4ECF-98E1-88CE770F90DA} = {D4D5EB6E-15EE-4C5B-ABDC-736D2A33D005}
		{F671B7BA-81D6-464F-A737-5C8C5700FAE8} = {D4D5EB6E-15EE-4C5B-ABDC-736D2A33D005}
		{31CD8A35-2564-4075-B6C3-9EE4D2FB50B3} = {D4D5EB6E-15EE-4C5B-ABDC-736D2A33D005}
		{8652FAC1-FB9C-42BB-AE4D-5034AF0270FA} = {A06547FA-C602-4C3E-B703-1A90695F4BBF}
		{1E97C966-C4A5-4B90-840E-343ADE40C3B0} = {A06547FA-C602-4C3E-B703-1A90695F4BBF}
		{C98FB34B-0994-48CB-8F8A-6D1D398471F7} = {A06547FA-C602-4C3E-B703-1A90695F4BBF}
		{EC06042C-5DD1-4B23-8F0D-F143A8BEA842} = {CF62147B-A422-4481-B82D-692AA2978577}
		{CC1F627F-6A18-4E02-9BD2-09C0ADE6EDD4} = {CF62147B-A422-4481-B82D-692AA2978577}
		{4BDE75A9-02E0-4F25-8C7B-B669AD65CDD5} = {CF62147B-A422-4481-B82D-692AA2978577}
	EndGlobalSection
	GlobalSection(ExtensibilityGlobals) = postSolution
		SolutionGuid = {EF731ACC-3D19-4989-9173-FE6A443FEC6F}
	EndGlobalSection
EndGlobal
